// !$*UTF8*$!
{
	archiveVersion = 1;
	classes = {
	};
	objectVersion = 50;
	objects = {

/* Begin PBXBuildFile section */
		6111B066215AFDB20090CF58 /* AppDelegate.swift in Sources */ = {isa = PBXBuildFile; fileRef = 6111B065215AFDB20090CF58 /* AppDelegate.swift */; };
		6111B068215AFDB20090CF58 /* art.scnassets in Resources */ = {isa = PBXBuildFile; fileRef = 6111B067215AFDB20090CF58 /* art.scnassets */; };
		6111B06A215AFDB20090CF58 /* ViewController.swift in Sources */ = {isa = PBXBuildFile; fileRef = 6111B069215AFDB20090CF58 /* ViewController.swift */; };
		6111B06D215AFDB20090CF58 /* Main.storyboard in Resources */ = {isa = PBXBuildFile; fileRef = 6111B06B215AFDB20090CF58 /* Main.storyboard */; };
		6111B06F215AFDB50090CF58 /* Assets.xcassets in Resources */ = {isa = PBXBuildFile; fileRef = 6111B06E215AFDB50090CF58 /* Assets.xcassets */; };
		6111B072215AFDB50090CF58 /* LaunchScreen.storyboard in Resources */ = {isa = PBXBuildFile; fileRef = 6111B070215AFDB50090CF58 /* LaunchScreen.storyboard */; };
		6111B07A215B00450090CF58 /* Grid.swift in Sources */ = {isa = PBXBuildFile; fileRef = 6111B079215B00450090CF58 /* Grid.swift */; };
/* End PBXBuildFile section */

/* Begin PBXFileReference section */
		6111B062215AFDB20090CF58 /* NextReality_Tutorial8.app */ = {isa = PBXFileReference; explicitFileType = wrapper.application; includeInIndex = 0; path = NextReality_Tutorial8.app; sourceTree = BUILT_PRODUCTS_DIR; };
		6111B065215AFDB20090CF58 /* AppDelegate.swift */ = {isa = PBXFileReference; lastKnownFileType = sourcecode.swift; path = AppDelegate.swift; sourceTree = "<group>"; };
		6111B067215AFDB20090CF58 /* art.scnassets */ = {isa = PBXFileReference; lastKnownFileType = wrapper.scnassets; path = art.scnassets; sourceTree = "<group>"; };
		6111B069215AFDB20090CF58 /* ViewController.swift */ = {isa = PBXFileReference; lastKnownFileType = sourcecode.swift; path = ViewController.swift; sourceTree = "<group>"; };
		6111B06C215AFDB20090CF58 /* Base */ = {isa = PBXFileReference; lastKnownFileType = file.storyboard; name = Base; path = Base.lproj/Main.storyboard; sourceTree = "<group>"; };
		6111B06E215AFDB50090CF58 /* Assets.xcassets */ = {isa = PBXFileReference; lastKnownFileType = folder.assetcatalog; path = Assets.xcassets; sourceTree = "<group>"; };
		6111B071215AFDB50090CF58 /* Base */ = {isa = PBXFileReference; lastKnownFileType = file.storyboard; name = Base; path = Base.lproj/LaunchScreen.storyboard; sourceTree = "<group>"; };
		6111B073215AFDB50090CF58 /* Info.plist */ = {isa = PBXFileReference; lastKnownFileType = text.plist.xml; path = Info.plist; sourceTree = "<group>"; };
		6111B079215B00450090CF58 /* Grid.swift */ = {isa = PBXFileReference; fileEncoding = 4; lastKnownFileType = sourcecode.swift; path = Grid.swift; sourceTree = "<group>"; };
/* End PBXFileReference section */

/* Begin PBXFrameworksBuildPhase section */
		6111B05F215AFDB10090CF58 /* Frameworks */ = {
			isa = PBXFrameworksBuildPhase;
			buildActionMask = 2147483647;
			files = (
			);
			runOnlyForDeploymentPostprocessing = 0;
		};
/* End PBXFrameworksBuildPhase section */

/* Begin PBXGroup section */
		6111B059215AFDB10090CF58 = {
			isa = PBXGroup;
			children = (
				6111B064215AFDB20090CF58 /* NextReality_Tutorial8 */,
				6111B063215AFDB20090CF58 /* Products */,
			);
			sourceTree = "<group>";
		};
		6111B063215AFDB20090CF58 /* Products */ = {
			isa = PBXGroup;
			children = (
				6111B062215AFDB20090CF58 /* NextReality_Tutorial8.app */,
			);
			name = Products;
			sourceTree = "<group>";
		};
		6111B064215AFDB20090CF58 /* NextReality_Tutorial8 */ = {
			isa = PBXGroup;
			children = (
				6111B079215B00450090CF58 /* Grid.swift */,
				6111B065215AFDB20090CF58 /* AppDelegate.swift */,
				6111B067215AFDB20090CF58 /* art.scnassets */,
				6111B069215AFDB20090CF58 /* ViewController.swift */,
				6111B06B215AFDB20090CF58 /* Main.storyboard */,
				6111B06E215AFDB50090CF58 /* Assets.xcassets */,
				6111B070215AFDB50090CF58 /* LaunchScreen.storyboard */,
				6111B073215AFDB50090CF58 /* Info.plist */,
			);
			path = NextReality_Tutorial8;
			sourceTree = "<group>";
		};
/* End PBXGroup section */

/* Begin PBXNativeTarget section */
		6111B061215AFDB10090CF58 /* NextReality_Tutorial8 */ = {
			isa = PBXNativeTarget;
			buildConfigurationList = 6111B076215AFDB50090CF58 /* Build configuration list for PBXNativeTarget "NextReality_Tutorial8" */;
			buildPhases = (
				6111B05E215AFDB10090CF58 /* Sources */,
				6111B05F215AFDB10090CF58 /* Frameworks */,
				6111B060215AFDB10090CF58 /* Resources */,
			);
			buildRules = (
			);
			dependencies = (
			);
			name = NextReality_Tutorial8;
			productName = NextReality_Tutorial8;
			productReference = 6111B062215AFDB20090CF58 /* NextReality_Tutorial8.app */;
			productType = "com.apple.product-type.application";
		};
/* End PBXNativeTarget section */

/* Begin PBXProject section */
		6111B05A215AFDB10090CF58 /* Project object */ = {
			isa = PBXProject;
			attributes = {
				LastSwiftUpdateCheck = 0940;
				LastUpgradeCheck = 0940;
				ORGANIZATIONNAME = "Ambuj Punn";
				TargetAttributes = {
					6111B061215AFDB10090CF58 = {
						CreatedOnToolsVersion = 9.4;
					};
				};
			};
			buildConfigurationList = 6111B05D215AFDB10090CF58 /* Build configuration list for PBXProject "NextReality_Tutorial8" */;
			compatibilityVersion = "Xcode 9.3";
			developmentRegion = en;
			hasScannedForEncodings = 0;
			knownRegions = (
				en,
				Base,
			);
			mainGroup = 6111B059215AFDB10090CF58;
			productRefGroup = 6111B063215AFDB20090CF58 /* Products */;
			projectDirPath = "";
			projectRoot = "";
			targets = (
				6111B061215AFDB10090CF58 /* NextReality_Tutorial8 */,
			);
		};
/* End PBXProject section */

/* Begin PBXResourcesBuildPhase section */
		6111B060215AFDB10090CF58 /* Resources */ = {
			isa = PBXResourcesBuildPhase;
			buildActionMask = 2147483647;
			files = (
				6111B068215AFDB20090CF58 /* art.scnassets in Resources */,
				6111B072215AFDB50090CF58 /* LaunchScreen.storyboard in Resources */,
				6111B06F215AFDB50090CF58 /* Assets.xcassets in Resources */,
				6111B06D215AFDB20090CF58 /* Main.storyboard in Resources */,
			);
			runOnlyForDeploymentPostprocessing = 0;
		};
/* End PBXResourcesBuildPhase section */

/* Begin PBXSourcesBuildPhase section */
		6111B05E215AFDB10090CF58 /* Sources */ = {
			isa = PBXSourcesBuildPhase;
			buildActionMask = 2147483647;
			files = (
				6111B06A215AFDB20090CF58 /* ViewController.swift in Sources */,
				6111B066215AFDB20090CF58 /* AppDelegate.swift in Sources */,
				6111B07A215B00450090CF58 /* Grid.swift in Sources */,
			);
			runOnlyForDeploymentPostprocessing = 0;
		};
/* End PBXSourcesBuildPhase section */

/* Begin PBXVariantGroup section */
		6111B06B215AFDB20090CF58 /* Main.storyboard */ = {
			isa = PBXVariantGroup;
			children = (
				6111B06C215AFDB20090CF58 /* Base */,
			);
			name = Main.storyboard;
			sourceTree = "<group>";
		};
		6111B070215AFDB50090CF58 /* LaunchScreen.storyboard */ = {
			isa = PBXVariantGroup;
			children = (
				6111B071215AFDB50090CF58 /* Base */,
			);
			name = LaunchScreen.storyboard;
			sourceTree = "<group>";
		};
/* End PBXVariantGroup section */

/* Begin XCBuildConfiguration section */
		6111B074215AFDB50090CF58 /* Debug */ = {
			isa = XCBuildConfiguration;
			buildSettings = {
				ALWAYS_SEARCH_USER_PATHS = NO;
				CLANG_ANALYZER_NONNULL = YES;
				CLANG_ANALYZER_NUMBER_OBJECT_CONVERSION = YES_AGGRESSIVE;
				CLANG_CXX_LANGUAGE_STANDARD = "gnu++14";
				CLANG_CXX_LIBRARY = "libc++";
				CLANG_ENABLE_MODULES = YES;
				CLANG_ENABLE_OBJC_ARC = YES;
				CLANG_ENABLE_OBJC_WEAK = YES;
				CLANG_WARN_BLOCK_CAPTURE_AUTORELEASING = YES;
				CLANG_WARN_BOOL_CONVERSION = YES;
				CLANG_WARN_COMMA = YES;
				CLANG_WARN_CONSTANT_CONVERSION = YES;
				CLANG_WARN_DEPRECATED_OBJC_IMPLEMENTATIONS = YES;
				CLANG_WARN_DIRECT_OBJC_ISA_USAGE = YES_ERROR;
				CLANG_WARN_DOCUMENTATION_COMMENTS = YES;
				CLANG_WARN_EMPTY_BODY = YES;
				CLANG_WARN_ENUM_CONVERSION = YES;
				CLANG_WARN_INFINITE_RECURSION = YES;
				CLANG_WARN_INT_CONVERSION = YES;
				CLANG_WARN_NON_LITERAL_NULL_CONVERSION = YES;
				CLANG_WARN_OBJC_IMPLICIT_RETAIN_SELF = YES;
				CLANG_WARN_OBJC_LITERAL_CONVERSION = YES;
				CLANG_WARN_OBJC_ROOT_CLASS = YES_ERROR;
				CLANG_WARN_RANGE_LOOP_ANALYSIS = YES;
				CLANG_WARN_STRICT_PROTOTYPES = YES;
				CLANG_WARN_SUSPICIOUS_MOVE = YES;
				CLANG_WARN_UNGUARDED_AVAILABILITY = YES_AGGRESSIVE;
				CLANG_WARN_UNREACHABLE_CODE = YES;
				CLANG_WARN__DUPLICATE_METHOD_MATCH = YES;
				CODE_SIGN_IDENTITY = "iPhone Developer";
				COPY_PHASE_STRIP = NO;
				DEBUG_INFORMATION_FORMAT = dwarf;
				ENABLE_STRICT_OBJC_MSGSEND = YES;
				ENABLE_TESTABILITY = YES;
				GCC_C_LANGUAGE_STANDARD = gnu11;
				GCC_DYNAMIC_NO_PIC = NO;
				GCC_NO_COMMON_BLOCKS = YES;
				GCC_OPTIMIZATION_LEVEL = 0;
				GCC_PREPROCESSOR_DEFINITIONS = (
					"DEBUG=1",
					"$(inherited)",
				);
				GCC_WARN_64_TO_32_BIT_CONVERSION = YES;
				GCC_WARN_ABOUT_RETURN_TYPE = YES_ERROR;
				GCC_WARN_UNDECLARED_SELECTOR = YES;
				GCC_WARN_UNINITIALIZED_AUTOS = YES_AGGRESSIVE;
				GCC_WARN_UNUSED_FUNCTION = YES;
				GCC_WARN_UNUSED_VARIABLE = YES;
				IPHONEOS_DEPLOYMENT_TARGET = 11.4;
				MTL_ENABLE_DEBUG_INFO = YES;
				ONLY_ACTIVE_ARCH = YES;
				SDKROOT = iphoneos;
				SWIFT_ACTIVE_COMPILATION_CONDITIONS = DEBUG;
				SWIFT_OPTIMIZATION_LEVEL = "-Onone";
			};
			name = Debug;
		};
		6111B075215AFDB50090CF58 /* Release */ = {
			isa = XCBuildConfiguration;
			buildSettings = {
				ALWAYS_SEARCH_USER_PATHS = NO;
				CLANG_ANALYZER_NONNULL = YES;
				CLANG_ANALYZER_NUMBER_OBJECT_CONVERSION = YES_AGGRESSIVE;
				CLANG_CXX_LANGUAGE_STANDARD = "gnu++14";
				CLANG_CXX_LIBRARY = "libc++";
				CLANG_ENABLE_MODULES = YES;
				CLANG_ENABLE_OBJC_ARC = YES;
				CLANG_ENABLE_OBJC_WEAK = YES;
				CLANG_WARN_BLOCK_CAPTURE_AUTORELEASING = YES;
				CLANG_WARN_BOOL_CONVERSION = YES;
				CLANG_WARN_COMMA = YES;
				CLANG_WARN_CONSTANT_CONVERSION = YES;
				CLANG_WARN_DEPRECATED_OBJC_IMPLEMENTATIONS = YES;
				CLANG_WARN_DIRECT_OBJC_ISA_USAGE = YES_ERROR;
				CLANG_WARN_DOCUMENTATION_COMMENTS = YES;
				CLANG_WARN_EMPTY_BODY = YES;
				CLANG_WARN_ENUM_CONVERSION = YES;
				CLANG_WARN_INFINITE_RECURSION = YES;
				CLANG_WARN_INT_CONVERSION = YES;
				CLANG_WARN_NON_LITERAL_NULL_CONVERSION = YES;
				CLANG_WARN_OBJC_IMPLICIT_RETAIN_SELF = YES;
				CLANG_WARN_OBJC_LITERAL_CONVERSION = YES;
				CLANG_WARN_OBJC_ROOT_CLASS = YES_ERROR;
				CLANG_WARN_RANGE_LOOP_ANALYSIS = YES;
				CLANG_WARN_STRICT_PROTOTYPES = YES;
				CLANG_WARN_SUSPICIOUS_MOVE = YES;
				CLANG_WARN_UNGUARDED_AVAILABILITY = YES_AGGRESSIVE;
				CLANG_WARN_UNREACHABLE_CODE = YES;
				CLANG_WARN__DUPLICATE_METHOD_MATCH = YES;
				CODE_SIGN_IDENTITY = "iPhone Developer";
				COPY_PHASE_STRIP = NO;
				DEBUG_INFORMATION_FORMAT = "dwarf-with-dsym";
				ENABLE_NS_ASSERTIONS = NO;
				ENABLE_STRICT_OBJC_MSGSEND = YES;
				GCC_C_LANGUAGE_STANDARD = gnu11;
				GCC_NO_COMMON_BLOCKS = YES;
				GCC_WARN_64_TO_32_BIT_CONVERSION = YES;
				GCC_WARN_ABOUT_RETURN_TYPE = YES_ERROR;
				GCC_WARN_UNDECLARED_SELECTOR = YES;
				GCC_WARN_UNINITIALIZED_AUTOS = YES_AGGRESSIVE;
				GCC_WARN_UNUSED_FUNCTION = YES;
				GCC_WARN_UNUSED_VARIABLE = YES;
				IPHONEOS_DEPLOYMENT_TARGET = 11.4;
				MTL_ENABLE_DEBUG_INFO = NO;
				SDKROOT = iphoneos;
				SWIFT_COMPILATION_MODE = wholemodule;
				SWIFT_OPTIMIZATION_LEVEL = "-O";
				VALIDATE_PRODUCT = YES;
			};
			name = Release;
		};
		6111B077215AFDB50090CF58 /* Debug */ = {
			isa = XCBuildConfiguration;
			buildSettings = {
				ASSETCATALOG_COMPILER_APPICON_NAME = AppIcon;
				CODE_SIGN_STYLE = Automatic;
				INFOPLIST_FILE = NextReality_Tutorial8/Info.plist;
				LD_RUNPATH_SEARCH_PATHS = (
					"$(inherited)",
					"@executable_path/Frameworks",
				);
				PRODUCT_BUNDLE_IDENTIFIER = "Ambuj-Punn.NextReality-Tutorial8";
				PRODUCT_NAME = "$(TARGET_NAME)";
				SWIFT_VERSION = 4.0;
				TARGETED_DEVICE_FAMILY = "1,2";
			};
			name = Debug;
		};
		6111B078215AFDB50090CF58 /* Release */ = {
			isa = XCBuildConfiguration;
			buildSettings = {
				ASSETCATALOG_COMPILER_APPICON_NAME = AppIcon;
				CODE_SIGN_STYLE = Automatic;
				INFOPLIST_FILE = NextReality_Tutorial8/Info.plist;
				LD_RUNPATH_SEARCH_PATHS = (
					"$(inherited)",
					"@executable_path/Frameworks",
				);
				PRODUCT_BUNDLE_IDENTIFIER = "Ambuj-Punn.NextReality-Tutorial8";
				PRODUCT_NAME = "$(TARGET_NAME)";
				SWIFT_VERSION = 4.0;
				TARGETED_DEVICE_FAMILY = "1,2";
			};
			name = Release;
		};
/* End XCBuildConfiguration section */

/* Begin XCConfigurationList section */
		6111B05D215AFDB10090CF58 /* Build configuration list for PBXProject "NextReality_Tutorial8" */ = {
			isa = XCConfigurationList;
			buildConfigurations = (
				6111B074215AFDB50090CF58 /* Debug */,
				6111B075215AFDB50090CF58 /* Release */,
			);
			defaultConfigurationIsVisible = 0;
			defaultConfigurationName = Release;
		};
		6111B076215AFDB50090CF58 /* Build configuration list for PBXNativeTarget "NextReality_Tutorial8" */ = {
			isa = XCConfigurationList;
			buildConfigurations = (
				6111B077215AFDB50090CF58 /* Debug */,
				6111B078215AFDB50090CF58 /* Release */,
			);
			defaultConfigurationIsVisible = 0;
			defaultConfigurationName = Release;
		};
/* End XCConfigurationList section */
	};
	rootObject = 6111B05A215AFDB10090CF58 /* Project object */;
}
